
Microsoft Visual Studio Solution File, Format Version 12.00
# Visual Studio Version 17
VisualStudioVersion = 17.4.33213.308
MinimumVisualStudioVersion = 10.0.40219.1
Project("{FAE04EC0-301F-11D3-BF4B-00C04F79EFBC}") = "stringprogram", "stringprogram\stringprogram.csproj", "{038C0253-BC60-4A58-B545-5710C3B87B4F}"
EndProject
Global
	GlobalSection(SolutionConfigurationPlatforms) = preSolution
		Debug|Any CPU = Debug|Any CPU
		Release|Any CPU = Release|Any CPU
	EndGlobalSection
	GlobalSection(ProjectConfigurationPlatforms) = postSolution
		{038C0253-BC60-4A58-B545-5710C3B87B4F}.Debug|Any CPU.ActiveCfg = Debug|Any CPU
		{038C0253-BC60-4A58-B545-5710C3B87B4F}.Debug|Any CPU.Build.0 = Debug|Any CPU
		{038C0253-BC60-4A58-B545-5710C3B87B4F}.Release|Any CPU.ActiveCfg = Release|Any CPU
		{038C0253-BC60-4A58-B545-5710C3B87B4F}.Release|Any CPU.Build.0 = Release|Any CPU
	EndGlobalSection
	GlobalSection(SolutionProperties) = preSolution
		HideSolutionNode = FALSE
	EndGlobalSection
	GlobalSection(ExtensibilityGlobals) = postSolution
		SolutionGuid = {56D00B47-DE83-4699-8428-A14302DD4A29}
	EndGlobalSection
EndGlobal
